Microsoft Visual Studio Solution File, Format Version 12.00
# Visual Studio Version 16
VisualStudioVersion = 16.0.31515.178
MinimumVisualStudioVersion = 10.0.40219.1
Project("{9A19103F-16F7-4668-BE54-9A1E7A4F7556}") = "CosmosConsoleClient", "CosmosConsoleClient.csproj", "{FDAA4697-2F1A-4905-8607-26827632DE73}"
EndProject
Project("{2150E333-8FDC-42A3-9474-1A3956D46DE8}") = "Solution Items", "Solution Items", "{F61916E3-B2B6-4989-AFDC-887183133DAB}"
	ProjectSection(SolutionItems) = preProject
		.editorconfig = .editorconfig
	EndProjectSection
EndProject
Global
	GlobalSection(SolutionConfigurationPlatforms) = preSolution
		Debug|Any CPU = Debug|Any CPU
		Release|Any CPU = Release|Any CPU
	EndGlobalSection
	GlobalSection(ProjectConfigurationPlatforms) = postSolution
		{FDAA4697-2F1A-4905-8607-26827632DE73}.Debug|Any CPU.ActiveCfg = Debug|Any CPU
		{FDAA4697-2F1A-4905-8607-26827632DE73}.Debug|Any CPU.Build.0 = Debug|Any CPU
		{FDAA4697-2F1A-4905-8607-26827632DE73}.Release|Any CPU.ActiveCfg = Release|Any CPU
		{FDAA4697-2F1A-4905-8607-26827632DE73}.Release|Any CPU.Build.0 = Release|Any CPU
	EndGlobalSection
	GlobalSection(SolutionProperties) = preSolution
		HideSolutionNode = FALSE
	EndGlobalSection
	GlobalSection(ExtensibilityGlobals) = postSolution
		SolutionGuid = {5F424CDD-DC44-4677-AEC4-EBAAAA080A03}
	EndGlobalSection
EndGlobal
